
Microsoft Visual Studio Solution File, Format Version 12.00
# Visual Studio Version 17
VisualStudioVersion = 17.6.33815.320
MinimumVisualStudioVersion = 10.0.40219.1
Project("{9A19103F-16F7-4668-BE54-9A1E7A4F7556}") = "Trees", "Trees\Trees.csproj", "{9FCDBE5F-7643-4DF2-A7D3-0BC5D52EDFCB}"
EndProject
Project("{FAE04EC0-301F-11D3-BF4B-00C04F79EFBC}") = "Tahiri_App", "Tahiri_App\Tahiri_App.csproj", "{4E2656D6-C364-4048-A5C0-4FA1827166D2}"
EndProject
Project("{FAE04EC0-301F-11D3-BF4B-00C04F79EFBC}") = "Sadık_App", "Sadık_App\Sadık_App.csproj", "{9141E626-F41C-45D7-84B7-9C8889226ED4}"
EndProject
Global
	GlobalSection(SolutionConfigurationPlatforms) = preSolution
		Debug|Any CPU = Debug|Any CPU
		Release|Any CPU = Release|Any CPU
	EndGlobalSection
	GlobalSection(ProjectConfigurationPlatforms) = postSolution
		{9FCDBE5F-7643-4DF2-A7D3-0BC5D52EDFCB}.Debug|Any CPU.ActiveCfg = Debug|Any CPU
		{9FCDBE5F-7643-4DF2-A7D3-0BC5D52EDFCB}.Debug|Any CPU.Build.0 = Debug|Any CPU
		{9FCDBE5F-7643-4DF2-A7D3-0BC5D52EDFCB}.Release|Any CPU.ActiveCfg = Release|Any CPU
		{9FCDBE5F-7643-4DF2-A7D3-0BC5D52EDFCB}.Release|Any CPU.Build.0 = Release|Any CPU
		{4E2656D6-C364-4048-A5C0-4FA1827166D2}.Debug|Any CPU.ActiveCfg = Debug|Any CPU
		{4E2656D6-C364-4048-A5C0-4FA1827166D2}.Debug|Any CPU.Build.0 = Debug|Any CPU
		{4E2656D6-C364-4048-A5C0-4FA1827166D2}.Release|Any CPU.ActiveCfg = Release|Any CPU
		{4E2656D6-C364-4048-A5C0-4FA1827166D2}.Release|Any CPU.Build.0 = Release|Any CPU
		{9141E626-F41C-45D7-84B7-9C8889226ED4}.Debug|Any CPU.ActiveCfg = Debug|Any CPU
		{9141E626-F41C-45D7-84B7-9C8889226ED4}.Debug|Any CPU.Build.0 = Debug|Any CPU
		{9141E626-F41C-45D7-84B7-9C8889226ED4}.Release|Any CPU.ActiveCfg = Release|Any CPU
		{9141E626-F41C-45D7-84B7-9C8889226ED4}.Release|Any CPU.Build.0 = Release|Any CPU
	EndGlobalSection
	GlobalSection(SolutionProperties) = preSolution
		HideSolutionNode = FALSE
	EndGlobalSection
	GlobalSection(ExtensibilityGlobals) = postSolution
		SolutionGuid = {67E7FCD2-9BE1-4EDB-924A-F5C316F933A6}
	EndGlobalSection
EndGlobal
